
Microsoft Visual Studio Solution File, Format Version 12.00
# Visual Studio Version 17
VisualStudioVersion = 17.10.34928.147
MinimumVisualStudioVersion = 10.0.40219.1
Project("{FAE04EC0-301F-11D3-BF4B-00C04F79EFBC}") = "CSharp_GiaiPTBac2", "CSharp_GiaiPTBac2.csproj", "{451EF144-6A3F-4E09-9C70-E13BA5945776}"
EndProject
Global
	GlobalSection(SolutionConfigurationPlatforms) = preSolution
		Debug|Any CPU = Debug|Any CPU
		Release|Any CPU = Release|Any CPU
	EndGlobalSection
	GlobalSection(ProjectConfigurationPlatforms) = postSolution
		{451EF144-6A3F-4E09-9C70-E13BA5945776}.Debug|Any CPU.ActiveCfg = Debug|Any CPU
		{451EF144-6A3F-4E09-9C70-E13BA5945776}.Debug|Any CPU.Build.0 = Debug|Any CPU
		{451EF144-6A3F-4E09-9C70-E13BA5945776}.Release|Any CPU.ActiveCfg = Release|Any CPU
		{451EF144-6A3F-4E09-9C70-E13BA5945776}.Release|Any CPU.Build.0 = Release|Any CPU
	EndGlobalSection
	GlobalSection(SolutionProperties) = preSolution
		HideSolutionNode = FALSE
	EndGlobalSection
	GlobalSection(ExtensibilityGlobals) = postSolution
		SolutionGuid = {BAD4034C-B258-4026-94BC-4B2EA9BF7115}
	EndGlobalSection
EndGlobal
